
Microsoft Visual Studio Solution File, Format Version 12.00
# Visual Studio Version 17
VisualStudioVersion = 17.9.34622.214
MinimumVisualStudioVersion = 10.0.40219.1
Project("{FAE04EC0-301F-11D3-BF4B-00C04F79EFBC}") = "OOProject", "OOProject\OOProject.csproj", "{30DEB856-DB31-47E0-80C0-CACDED252D83}"
EndProject
Global
	GlobalSection(SolutionConfigurationPlatforms) = preSolution
		Debug|Any CPU = Debug|Any CPU
		Release|Any CPU = Release|Any CPU
	EndGlobalSection
	GlobalSection(ProjectConfigurationPlatforms) = postSolution
		{30DEB856-DB31-47E0-80C0-CACDED252D83}.Debug|Any CPU.ActiveCfg = Debug|Any CPU
		{30DEB856-DB31-47E0-80C0-CACDED252D83}.Debug|Any CPU.Build.0 = Debug|Any CPU
		{30DEB856-DB31-47E0-80C0-CACDED252D83}.Debug|Any CPU.Deploy.0 = Debug|Any CPU
		{30DEB856-DB31-47E0-80C0-CACDED252D83}.Release|Any CPU.ActiveCfg = Release|Any CPU
		{30DEB856-DB31-47E0-80C0-CACDED252D83}.Release|Any CPU.Build.0 = Release|Any CPU
		{30DEB856-DB31-47E0-80C0-CACDED252D83}.Release|Any CPU.Deploy.0 = Release|Any CPU
	EndGlobalSection
	GlobalSection(SolutionProperties) = preSolution
		HideSolutionNode = FALSE
	EndGlobalSection
	GlobalSection(ExtensibilityGlobals) = postSolution
		SolutionGuid = {896B16E7-5AFB-49DA-BBD3-D2435D809806}
	EndGlobalSection
EndGlobal
